
Microsoft Visual Studio Solution File, Format Version 12.00
# Visual Studio Version 17
VisualStudioVersion = 17.2.32516.85
MinimumVisualStudioVersion = 10.0.40219.1
Project("{2150E333-8FDC-42A3-9474-1A3956D46DE8}") = "Services", "Services", "{FD47E6A9-B165-4600-BF06-E7E953517250}"
EndProject
Project("{2150E333-8FDC-42A3-9474-1A3956D46DE8}") = "Catalog", "Catalog", "{F8E5E51F-24CA-40DF-9FB0-FD14F005CF93}"
EndProject
Project("{9A19103F-16F7-4668-BE54-9A1E7A4F7556}") = "Catalog.API", "Services\Catalog\Catalog.API\Catalog.API.csproj", "{3D35A318-DF2C-439E-98C9-037E25BD2A5F}"
EndProject
Project("{E53339B2-1760-4266-BCC7-CA923CBCF16C}") = "docker-compose", "docker-compose.dcproj", "{5A37B0FA-1D91-40AF-B126-545E031BC8D3}"
EndProject
Project("{2150E333-8FDC-42A3-9474-1A3956D46DE8}") = "Basket", "Basket", "{0E8D386A-D066-474F-9704-6FD9F2D6A1DE}"
EndProject
Project("{9A19103F-16F7-4668-BE54-9A1E7A4F7556}") = "Basket.API", "Services\Basket\Basket.API\Basket.API.csproj", "{F56FBCF6-2848-4D8E-A8CD-5804B265DA7B}"
EndProject
Project("{2150E333-8FDC-42A3-9474-1A3956D46DE8}") = "Discount", "Discount", "{5D473EDF-B395-4C3E-8365-D67B261F0A87}"
EndProject
Project("{9A19103F-16F7-4668-BE54-9A1E7A4F7556}") = "Discount.API", "Services\Discount.API\Discount.API.csproj", "{1066A176-E61C-47F4-9B9D-B83EB2C2043F}"
EndProject
Global
	GlobalSection(SolutionConfigurationPlatforms) = preSolution
		Debug|Any CPU = Debug|Any CPU
		Release|Any CPU = Release|Any CPU
	EndGlobalSection
	GlobalSection(ProjectConfigurationPlatforms) = postSolution
		{3D35A318-DF2C-439E-98C9-037E25BD2A5F}.Debug|Any CPU.ActiveCfg = Debug|Any CPU
		{3D35A318-DF2C-439E-98C9-037E25BD2A5F}.Debug|Any CPU.Build.0 = Debug|Any CPU
		{3D35A318-DF2C-439E-98C9-037E25BD2A5F}.Release|Any CPU.ActiveCfg = Release|Any CPU
		{3D35A318-DF2C-439E-98C9-037E25BD2A5F}.Release|Any CPU.Build.0 = Release|Any CPU
		{5A37B0FA-1D91-40AF-B126-545E031BC8D3}.Debug|Any CPU.ActiveCfg = Debug|Any CPU
		{5A37B0FA-1D91-40AF-B126-545E031BC8D3}.Debug|Any CPU.Build.0 = Debug|Any CPU
		{5A37B0FA-1D91-40AF-B126-545E031BC8D3}.Release|Any CPU.ActiveCfg = Release|Any CPU
		{5A37B0FA-1D91-40AF-B126-545E031BC8D3}.Release|Any CPU.Build.0 = Release|Any CPU
		{F56FBCF6-2848-4D8E-A8CD-5804B265DA7B}.Debug|Any CPU.ActiveCfg = Debug|Any CPU
		{F56FBCF6-2848-4D8E-A8CD-5804B265DA7B}.Debug|Any CPU.Build.0 = Debug|Any CPU
		{F56FBCF6-2848-4D8E-A8CD-5804B265DA7B}.Release|Any CPU.ActiveCfg = Release|Any CPU
		{F56FBCF6-2848-4D8E-A8CD-5804B265DA7B}.Release|Any CPU.Build.0 = Release|Any CPU
		{1066A176-E61C-47F4-9B9D-B83EB2C2043F}.Debug|Any CPU.ActiveCfg = Debug|Any CPU
		{1066A176-E61C-47F4-9B9D-B83EB2C2043F}.Debug|Any CPU.Build.0 = Debug|Any CPU
		{1066A176-E61C-47F4-9B9D-B83EB2C2043F}.Release|Any CPU.ActiveCfg = Release|Any CPU
		{1066A176-E61C-47F4-9B9D-B83EB2C2043F}.Release|Any CPU.Build.0 = Release|Any CPU
	EndGlobalSection
	GlobalSection(SolutionProperties) = preSolution
		HideSolutionNode = FALSE
	EndGlobalSection
	GlobalSection(NestedProjects) = preSolution
		{F8E5E51F-24CA-40DF-9FB0-FD14F005CF93} = {FD47E6A9-B165-4600-BF06-E7E953517250}
		{3D35A318-DF2C-439E-98C9-037E25BD2A5F} = {F8E5E51F-24CA-40DF-9FB0-FD14F005CF93}
		{0E8D386A-D066-474F-9704-6FD9F2D6A1DE} = {FD47E6A9-B165-4600-BF06-E7E953517250}
		{F56FBCF6-2848-4D8E-A8CD-5804B265DA7B} = {0E8D386A-D066-474F-9704-6FD9F2D6A1DE}
		{5D473EDF-B395-4C3E-8365-D67B261F0A87} = {FD47E6A9-B165-4600-BF06-E7E953517250}
		{1066A176-E61C-47F4-9B9D-B83EB2C2043F} = {5D473EDF-B395-4C3E-8365-D67B261F0A87}
	EndGlobalSection
	GlobalSection(ExtensibilityGlobals) = postSolution
		SolutionGuid = {2D61CC67-16D7-4D05-A3E8-142F91C4513C}
	EndGlobalSection
EndGlobal
